// !$*UTF8*$!
{
	archiveVersion = 1;
	classes = {
	};
	objectVersion = 55;
	objects = {

/* Begin PBXBuildFile section */
		9474F1C1282F2AA700CDE4DD /* AppMain.swift in Sources */ = {isa = PBXBuildFile; fileRef = 9474F1C0282F2AA700CDE4DD /* AppMain.swift */; };
		9474F1C3282F2AA700CDE4DD /* ContentView.swift in Sources */ = {isa = PBXBuildFile; fileRef = 9474F1C2282F2AA700CDE4DD /* ContentView.swift */; };
		9474F1C5282F2AA800CDE4DD /* Assets.xcassets in Resources */ = {isa = PBXBuildFile; fileRef = 9474F1C4282F2AA800CDE4DD /* Assets.xcassets */; };
		9474F1C8282F2AA800CDE4DD /* Preview Assets.xcassets in Resources */ = {isa = PBXBuildFile; fileRef = 9474F1C7282F2AA800CDE4DD /* Preview Assets.xcassets */; };
		9474F1D0282F2BB600CDE4DD /* FirebaseMessaging in Frameworks */ = {isa = PBXBuildFile; productRef = 9474F1CF282F2BB600CDE4DD /* FirebaseMessaging */; };
		9474F1D2282F2D2C00CDE4DD /* AppDelegate.swift in Sources */ = {isa = PBXBuildFile; fileRef = 9474F1D1282F2D2C00CDE4DD /* AppDelegate.swift */; };
		9474F1DC282F30B500CDE4DD /* GoogleService-Info.plist in Resources */ = {isa = PBXBuildFile; fileRef = 9474F1DB282F30B500CDE4DD /* GoogleService-Info.plist */; };
		9474F1E7282F3FFD00CDE4DD /* NotificationService.swift in Sources */ = {isa = PBXBuildFile; fileRef = 9474F1E6282F3FFD00CDE4DD /* NotificationService.swift */; };
		9474F1EB282F3FFD00CDE4DD /* ntfyNSE.appex in Embed App Extensions */ = {isa = PBXBuildFile; fileRef = 9474F1E4282F3FFD00CDE4DD /* ntfyNSE.appex */; settings = {ATTRIBUTES = (RemoveHeadersOnCopy, ); }; };
		9474F1F22830825600CDE4DD /* SubscriptionListView.swift in Sources */ = {isa = PBXBuildFile; fileRef = 9474F1F12830825600CDE4DD /* SubscriptionListView.swift */; };
		9474F1F72830830700CDE4DD /* ntfy.xcdatamodeld in Sources */ = {isa = PBXBuildFile; fileRef = 9474F1F52830830700CDE4DD /* ntfy.xcdatamodeld */; };
		9474F1F92830835400CDE4DD /* Store.swift in Sources */ = {isa = PBXBuildFile; fileRef = 9474F1F82830835400CDE4DD /* Store.swift */; };
		9474F1FD2831311A00CDE4DD /* SubscriptionAddView.swift in Sources */ = {isa = PBXBuildFile; fileRef = 9474F1FC2831311A00CDE4DD /* SubscriptionAddView.swift */; };
		9474F1FF28316ACE00CDE4DD /* Subscription.swift in Sources */ = {isa = PBXBuildFile; fileRef = 9474F1FE28316ACE00CDE4DD /* Subscription.swift */; };
		9474F2052831D51500CDE4DD /* Store.swift in Sources */ = {isa = PBXBuildFile; fileRef = 9474F1F82830835400CDE4DD /* Store.swift */; };
		9474F2062831D73C00CDE4DD /* ntfy.xcdatamodeld in Sources */ = {isa = PBXBuildFile; fileRef = 9474F1F52830830700CDE4DD /* ntfy.xcdatamodeld */; };
		9474F20928331F3A00CDE4DD /* NotificationListView.swift in Sources */ = {isa = PBXBuildFile; fileRef = 9474F20728331F3900CDE4DD /* NotificationListView.swift */; };
		9474F20C283321C300CDE4DD /* Notification.swift in Sources */ = {isa = PBXBuildFile; fileRef = 9474F20B283321C300CDE4DD /* Notification.swift */; };
		9474F20F283326C500CDE4DD /* ApiService.swift in Sources */ = {isa = PBXBuildFile; fileRef = 9474F20E283326C500CDE4DD /* ApiService.swift */; };
		9474F212283327C200CDE4DD /* Helpers.swift in Sources */ = {isa = PBXBuildFile; fileRef = 9474F211283327C200CDE4DD /* Helpers.swift */; };
		9474F2132834755A00CDE4DD /* Notification.swift in Sources */ = {isa = PBXBuildFile; fileRef = 9474F20B283321C300CDE4DD /* Notification.swift */; };
		9474F2142834755E00CDE4DD /* Subscription.swift in Sources */ = {isa = PBXBuildFile; fileRef = 9474F1FE28316ACE00CDE4DD /* Subscription.swift */; };
		9474F2152834758700CDE4DD /* Helpers.swift in Sources */ = {isa = PBXBuildFile; fileRef = 9474F211283327C200CDE4DD /* Helpers.swift */; };
		9474F217283531A300CDE4DD /* Log.swift in Sources */ = {isa = PBXBuildFile; fileRef = 9474F216283531A200CDE4DD /* Log.swift */; };
		94A3F7C8283734D900C48E79 /* SubscriptionManager.swift in Sources */ = {isa = PBXBuildFile; fileRef = 94A3F7C7283734D900C48E79 /* SubscriptionManager.swift */; };
		94A3F7CA28386B2100C48E79 /* Config.swift in Sources */ = {isa = PBXBuildFile; fileRef = 94A3F7C928386B2100C48E79 /* Config.swift */; };
		94A3F7CB28386B2100C48E79 /* Config.swift in Sources */ = {isa = PBXBuildFile; fileRef = 94A3F7C928386B2100C48E79 /* Config.swift */; };
		94E9196C28353E0100F30170 /* Log.swift in Sources */ = {isa = PBXBuildFile; fileRef = 9474F216283531A200CDE4DD /* Log.swift */; };
/* End PBXBuildFile section */

/* Begin PBXContainerItemProxy section */
		9474F1E9282F3FFD00CDE4DD /* PBXContainerItemProxy */ = {
			isa = PBXContainerItemProxy;
			containerPortal = 9474F1B5282F2AA700CDE4DD /* Project object */;
			proxyType = 1;
			remoteGlobalIDString = 9474F1E3282F3FFD00CDE4DD;
			remoteInfo = ntfyNSE;
		};
/* End PBXContainerItemProxy section */

/* Begin PBXCopyFilesBuildPhase section */
		9474F1EF282F3FFD00CDE4DD /* Embed App Extensions */ = {
			isa = PBXCopyFilesBuildPhase;
			buildActionMask = 2147483647;
			dstPath = "";
			dstSubfolderSpec = 13;
			files = (
				9474F1EB282F3FFD00CDE4DD /* ntfyNSE.appex in Embed App Extensions */,
			);
			name = "Embed App Extensions";
			runOnlyForDeploymentPostprocessing = 0;
		};
/* End PBXCopyFilesBuildPhase section */

/* Begin PBXFileReference section */
		9474F1BD282F2AA700CDE4DD /* ntfy.app */ = {isa = PBXFileReference; explicitFileType = wrapper.application; includeInIndex = 0; path = ntfy.app; sourceTree = BUILT_PRODUCTS_DIR; };
		9474F1C0282F2AA700CDE4DD /* AppMain.swift */ = {isa = PBXFileReference; lastKnownFileType = sourcecode.swift; path = AppMain.swift; sourceTree = "<group>"; };
		9474F1C2282F2AA700CDE4DD /* ContentView.swift */ = {isa = PBXFileReference; lastKnownFileType = sourcecode.swift; path = ContentView.swift; sourceTree = "<group>"; };
		9474F1C4282F2AA800CDE4DD /* Assets.xcassets */ = {isa = PBXFileReference; lastKnownFileType = folder.assetcatalog; path = Assets.xcassets; sourceTree = "<group>"; };
		9474F1C7282F2AA800CDE4DD /* Preview Assets.xcassets */ = {isa = PBXFileReference; lastKnownFileType = folder.assetcatalog; path = "Preview Assets.xcassets"; sourceTree = "<group>"; };
		9474F1D1282F2D2C00CDE4DD /* AppDelegate.swift */ = {isa = PBXFileReference; lastKnownFileType = sourcecode.swift; path = AppDelegate.swift; sourceTree = "<group>"; };
		9474F1D5282F2FED00CDE4DD /* ntfy.entitlements */ = {isa = PBXFileReference; lastKnownFileType = text.plist.entitlements; path = ntfy.entitlements; sourceTree = "<group>"; };
		9474F1D6282F2FF700CDE4DD /* Info.plist */ = {isa = PBXFileReference; lastKnownFileType = text.plist; path = Info.plist; sourceTree = "<group>"; };
		9474F1DB282F30B500CDE4DD /* GoogleService-Info.plist */ = {isa = PBXFileReference; fileEncoding = 4; lastKnownFileType = text.plist.xml; path = "GoogleService-Info.plist"; sourceTree = "<group>"; };
		9474F1E4282F3FFD00CDE4DD /* ntfyNSE.appex */ = {isa = PBXFileReference; explicitFileType = "wrapper.app-extension"; includeInIndex = 0; path = ntfyNSE.appex; sourceTree = BUILT_PRODUCTS_DIR; };
		9474F1E6282F3FFD00CDE4DD /* NotificationService.swift */ = {isa = PBXFileReference; lastKnownFileType = sourcecode.swift; path = NotificationService.swift; sourceTree = "<group>"; };
		9474F1E8282F3FFD00CDE4DD /* Info.plist */ = {isa = PBXFileReference; lastKnownFileType = text.plist.xml; path = Info.plist; sourceTree = "<group>"; };
		9474F1F12830825600CDE4DD /* SubscriptionListView.swift */ = {isa = PBXFileReference; fileEncoding = 4; lastKnownFileType = sourcecode.swift; path = SubscriptionListView.swift; sourceTree = "<group>"; };
		9474F1F62830830700CDE4DD /* Model.xcdatamodel */ = {isa = PBXFileReference; lastKnownFileType = wrapper.xcdatamodel; path = Model.xcdatamodel; sourceTree = "<group>"; };
		9474F1F82830835400CDE4DD /* Store.swift */ = {isa = PBXFileReference; lastKnownFileType = sourcecode.swift; path = Store.swift; sourceTree = "<group>"; };
		9474F1FC2831311A00CDE4DD /* SubscriptionAddView.swift */ = {isa = PBXFileReference; fileEncoding = 4; lastKnownFileType = sourcecode.swift; path = SubscriptionAddView.swift; sourceTree = "<group>"; };
		9474F1FE28316ACE00CDE4DD /* Subscription.swift */ = {isa = PBXFileReference; lastKnownFileType = sourcecode.swift; path = Subscription.swift; sourceTree = "<group>"; };
		9474F2042831CDBF00CDE4DD /* ntfyNSE.entitlements */ = {isa = PBXFileReference; lastKnownFileType = text.plist.entitlements; path = ntfyNSE.entitlements; sourceTree = "<group>"; };
		9474F20728331F3900CDE4DD /* NotificationListView.swift */ = {isa = PBXFileReference; fileEncoding = 4; lastKnownFileType = sourcecode.swift; path = NotificationListView.swift; sourceTree = "<group>"; };
		9474F20B283321C300CDE4DD /* Notification.swift */ = {isa = PBXFileReference; lastKnownFileType = sourcecode.swift; path = Notification.swift; sourceTree = "<group>"; };
		9474F20E283326C500CDE4DD /* ApiService.swift */ = {isa = PBXFileReference; fileEncoding = 4; lastKnownFileType = sourcecode.swift; path = ApiService.swift; sourceTree = "<group>"; };
		9474F211283327C200CDE4DD /* Helpers.swift */ = {isa = PBXFileReference; lastKnownFileType = sourcecode.swift; path = Helpers.swift; sourceTree = "<group>"; };
		9474F216283531A200CDE4DD /* Log.swift */ = {isa = PBXFileReference; lastKnownFileType = sourcecode.swift; path = Log.swift; sourceTree = "<group>"; };
		94A3F7C7283734D900C48E79 /* SubscriptionManager.swift */ = {isa = PBXFileReference; lastKnownFileType = sourcecode.swift; path = SubscriptionManager.swift; sourceTree = "<group>"; };
		94A3F7C928386B2100C48E79 /* Config.swift */ = {isa = PBXFileReference; fileEncoding = 4; lastKnownFileType = sourcecode.swift; path = Config.swift; sourceTree = "<group>"; };
/* End PBXFileReference section */

/* Begin PBXFrameworksBuildPhase section */
		9474F1BA282F2AA700CDE4DD /* Frameworks */ = {
			isa = PBXFrameworksBuildPhase;
			buildActionMask = 2147483647;
			files = (
				9474F1D0282F2BB600CDE4DD /* FirebaseMessaging in Frameworks */,
			);
			runOnlyForDeploymentPostprocessing = 0;
		};
		9474F1E1282F3FFD00CDE4DD /* Frameworks */ = {
			isa = PBXFrameworksBuildPhase;
			buildActionMask = 2147483647;
			files = (
			);
			runOnlyForDeploymentPostprocessing = 0;
		};
/* End PBXFrameworksBuildPhase section */

/* Begin PBXGroup section */
		9474F1B4282F2AA700CDE4DD = {
			isa = PBXGroup;
			children = (
				9474F1BF282F2AA700CDE4DD /* ntfy */,
				9474F1E5282F3FFD00CDE4DD /* ntfyNSE */,
				9474F1BE282F2AA700CDE4DD /* Products */,
				9474F1DD282F3A2E00CDE4DD /* Frameworks */,
			);
			sourceTree = "<group>";
		};
		9474F1BE282F2AA700CDE4DD /* Products */ = {
			isa = PBXGroup;
			children = (
				9474F1BD282F2AA700CDE4DD /* ntfy.app */,
				9474F1E4282F3FFD00CDE4DD /* ntfyNSE.appex */,
			);
			name = Products;
			sourceTree = "<group>";
		};
		9474F1BF282F2AA700CDE4DD /* ntfy */ = {
			isa = PBXGroup;
			children = (
				9474F210283326E000CDE4DD /* Utils */,
				9474F20D2833264F00CDE4DD /* App */,
				9474F1C4282F2AA800CDE4DD /* Assets.xcassets */,
				9474F1DB282F30B500CDE4DD /* GoogleService-Info.plist */,
				9474F1D6282F2FF700CDE4DD /* Info.plist */,
				9474F1D5282F2FED00CDE4DD /* ntfy.entitlements */,
				9474F2032831725A00CDE4DD /* Persistence */,
				9474F1C6282F2AA800CDE4DD /* Preview Content */,
				9474F202283170F000CDE4DD /* Views */,
			);
			path = ntfy;
			sourceTree = "<group>";
		};
		9474F1C6282F2AA800CDE4DD /* Preview Content */ = {
			isa = PBXGroup;
			children = (
				9474F1C7282F2AA800CDE4DD /* Preview Assets.xcassets */,
			);
			path = "Preview Content";
			sourceTree = "<group>";
		};
		9474F1DD282F3A2E00CDE4DD /* Frameworks */ = {
			isa = PBXGroup;
			children = (
			);
			name = Frameworks;
			sourceTree = "<group>";
		};
		9474F1E5282F3FFD00CDE4DD /* ntfyNSE */ = {
			isa = PBXGroup;
			children = (
				9474F2042831CDBF00CDE4DD /* ntfyNSE.entitlements */,
				9474F1E6282F3FFD00CDE4DD /* NotificationService.swift */,
				9474F1E8282F3FFD00CDE4DD /* Info.plist */,
			);
			path = ntfyNSE;
			sourceTree = "<group>";
		};
		9474F202283170F000CDE4DD /* Views */ = {
			isa = PBXGroup;
			children = (
				9474F1C2282F2AA700CDE4DD /* ContentView.swift */,
				9474F1FC2831311A00CDE4DD /* SubscriptionAddView.swift */,
				9474F20728331F3900CDE4DD /* NotificationListView.swift */,
				9474F1F12830825600CDE4DD /* SubscriptionListView.swift */,
			);
			path = Views;
			sourceTree = "<group>";
		};
		9474F2032831725A00CDE4DD /* Persistence */ = {
			isa = PBXGroup;
			children = (
				9474F1F52830830700CDE4DD /* ntfy.xcdatamodeld */,
				9474F1FE28316ACE00CDE4DD /* Subscription.swift */,
				9474F1F82830835400CDE4DD /* Store.swift */,
				9474F20B283321C300CDE4DD /* Notification.swift */,
				94A3F7C7283734D900C48E79 /* SubscriptionManager.swift */,
			);
			path = Persistence;
			sourceTree = "<group>";
		};
		9474F20D2833264F00CDE4DD /* App */ = {
			isa = PBXGroup;
			children = (
				9474F1D1282F2D2C00CDE4DD /* AppDelegate.swift */,
				9474F1C0282F2AA700CDE4DD /* AppMain.swift */,
			);
			path = App;
			sourceTree = "<group>";
		};
		9474F210283326E000CDE4DD /* Utils */ = {
			isa = PBXGroup;
			children = (
				9474F20E283326C500CDE4DD /* ApiService.swift */,
				9474F211283327C200CDE4DD /* Helpers.swift */,
				94A3F7C928386B2100C48E79 /* Config.swift */,
				9474F216283531A200CDE4DD /* Log.swift */,
			);
			path = Utils;
			sourceTree = "<group>";
		};
/* End PBXGroup section */

/* Begin PBXNativeTarget section */
		9474F1BC282F2AA700CDE4DD /* ntfy */ = {
			isa = PBXNativeTarget;
			buildConfigurationList = 9474F1CB282F2AA800CDE4DD /* Build configuration list for PBXNativeTarget "ntfy" */;
			buildPhases = (
				9474F1B9282F2AA700CDE4DD /* Sources */,
				9474F1BA282F2AA700CDE4DD /* Frameworks */,
				9474F1BB282F2AA700CDE4DD /* Resources */,
				9474F1EF282F3FFD00CDE4DD /* Embed App Extensions */,
			);
			buildRules = (
			);
			dependencies = (
				9474F1EA282F3FFD00CDE4DD /* PBXTargetDependency */,
			);
			name = ntfy;
			packageProductDependencies = (
				9474F1CF282F2BB600CDE4DD /* FirebaseMessaging */,
			);
			productName = ntfy;
			productReference = 9474F1BD282F2AA700CDE4DD /* ntfy.app */;
			productType = "com.apple.product-type.application";
		};
		9474F1E3282F3FFD00CDE4DD /* ntfyNSE */ = {
			isa = PBXNativeTarget;
			buildConfigurationList = 9474F1EC282F3FFD00CDE4DD /* Build configuration list for PBXNativeTarget "ntfyNSE" */;
			buildPhases = (
				9474F1E0282F3FFD00CDE4DD /* Sources */,
				9474F1E1282F3FFD00CDE4DD /* Frameworks */,
				9474F1E2282F3FFD00CDE4DD /* Resources */,
			);
			buildRules = (
			);
			dependencies = (
			);
			name = ntfyNSE;
			productName = ntfyNSE;
			productReference = 9474F1E4282F3FFD00CDE4DD /* ntfyNSE.appex */;
			productType = "com.apple.product-type.app-extension";
		};
/* End PBXNativeTarget section */

/* Begin PBXProject section */
		9474F1B5282F2AA700CDE4DD /* Project object */ = {
			isa = PBXProject;
			attributes = {
				BuildIndependentTargetsInParallel = 1;
				LastSwiftUpdateCheck = 1330;
				LastUpgradeCheck = 1330;
				TargetAttributes = {
					9474F1BC282F2AA700CDE4DD = {
						CreatedOnToolsVersion = 13.3.1;
					};
					9474F1E3282F3FFD00CDE4DD = {
						CreatedOnToolsVersion = 13.3.1;
					};
				};
			};
			buildConfigurationList = 9474F1B8282F2AA700CDE4DD /* Build configuration list for PBXProject "ntfy" */;
			compatibilityVersion = "Xcode 13.0";
			developmentRegion = en;
			hasScannedForEncodings = 0;
			knownRegions = (
				en,
				Base,
			);
			mainGroup = 9474F1B4282F2AA700CDE4DD;
			packageReferences = (
				9474F1CE282F2BB600CDE4DD /* XCRemoteSwiftPackageReference "firebase-ios-sdk" */,
			);
			productRefGroup = 9474F1BE282F2AA700CDE4DD /* Products */;
			projectDirPath = "";
			projectRoot = "";
			targets = (
				9474F1BC282F2AA700CDE4DD /* ntfy */,
				9474F1E3282F3FFD00CDE4DD /* ntfyNSE */,
			);
		};
/* End PBXProject section */

/* Begin PBXResourcesBuildPhase section */
		9474F1BB282F2AA700CDE4DD /* Resources */ = {
			isa = PBXResourcesBuildPhase;
			buildActionMask = 2147483647;
			files = (
				9474F1C8282F2AA800CDE4DD /* Preview Assets.xcassets in Resources */,
				9474F1C5282F2AA800CDE4DD /* Assets.xcassets in Resources */,
				9474F1DC282F30B500CDE4DD /* GoogleService-Info.plist in Resources */,
			);
			runOnlyForDeploymentPostprocessing = 0;
		};
		9474F1E2282F3FFD00CDE4DD /* Resources */ = {
			isa = PBXResourcesBuildPhase;
			buildActionMask = 2147483647;
			files = (
			);
			runOnlyForDeploymentPostprocessing = 0;
		};
/* End PBXResourcesBuildPhase section */

/* Begin PBXSourcesBuildPhase section */
		9474F1B9282F2AA700CDE4DD /* Sources */ = {
			isa = PBXSourcesBuildPhase;
			buildActionMask = 2147483647;
			files = (
				9474F1F92830835400CDE4DD /* Store.swift in Sources */,
				9474F212283327C200CDE4DD /* Helpers.swift in Sources */,
				9474F217283531A300CDE4DD /* Log.swift in Sources */,
				9474F20928331F3A00CDE4DD /* NotificationListView.swift in Sources */,
				94A3F7C8283734D900C48E79 /* SubscriptionManager.swift in Sources */,
				9474F1D2282F2D2C00CDE4DD /* AppDelegate.swift in Sources */,
				94A3F7CA28386B2100C48E79 /* Config.swift in Sources */,
				9474F1C3282F2AA700CDE4DD /* ContentView.swift in Sources */,
				9474F20C283321C300CDE4DD /* Notification.swift in Sources */,
				9474F1F22830825600CDE4DD /* SubscriptionListView.swift in Sources */,
				9474F1FD2831311A00CDE4DD /* SubscriptionAddView.swift in Sources */,
				9474F1FF28316ACE00CDE4DD /* Subscription.swift in Sources */,
				9474F1C1282F2AA700CDE4DD /* AppMain.swift in Sources */,
				9474F20F283326C500CDE4DD /* ApiService.swift in Sources */,
				9474F1F72830830700CDE4DD /* ntfy.xcdatamodeld in Sources */,
			);
			runOnlyForDeploymentPostprocessing = 0;
		};
		9474F1E0282F3FFD00CDE4DD /* Sources */ = {
			isa = PBXSourcesBuildPhase;
			buildActionMask = 2147483647;
			files = (
				9474F2132834755A00CDE4DD /* Notification.swift in Sources */,
				94E9196C28353E0100F30170 /* Log.swift in Sources */,
				9474F2152834758700CDE4DD /* Helpers.swift in Sources */,
				9474F1E7282F3FFD00CDE4DD /* NotificationService.swift in Sources */,
				9474F2052831D51500CDE4DD /* Store.swift in Sources */,
				9474F2062831D73C00CDE4DD /* ntfy.xcdatamodeld in Sources */,
				94A3F7CB28386B2100C48E79 /* Config.swift in Sources */,
				9474F2142834755E00CDE4DD /* Subscription.swift in Sources */,
			);
			runOnlyForDeploymentPostprocessing = 0;
		};
/* End PBXSourcesBuildPhase section */

/* Begin PBXTargetDependency section */
		9474F1EA282F3FFD00CDE4DD /* PBXTargetDependency */ = {
			isa = PBXTargetDependency;
			target = 9474F1E3282F3FFD00CDE4DD /* ntfyNSE */;
			targetProxy = 9474F1E9282F3FFD00CDE4DD /* PBXContainerItemProxy */;
		};
/* End PBXTargetDependency section */

/* Begin XCBuildConfiguration section */
		9474F1C9282F2AA800CDE4DD /* Debug */ = {
			isa = XCBuildConfiguration;
			buildSettings = {
				ALWAYS_SEARCH_USER_PATHS = NO;
				APP_BASE_URL = "https://ntfy.sh";
				CLANG_ANALYZER_NONNULL = YES;
				CLANG_ANALYZER_NUMBER_OBJECT_CONVERSION = YES_AGGRESSIVE;
				CLANG_CXX_LANGUAGE_STANDARD = "gnu++17";
				CLANG_ENABLE_MODULES = YES;
				CLANG_ENABLE_OBJC_ARC = YES;
				CLANG_ENABLE_OBJC_WEAK = YES;
				CLANG_WARN_BLOCK_CAPTURE_AUTORELEASING = YES;
				CLANG_WARN_BOOL_CONVERSION = YES;
				CLANG_WARN_COMMA = YES;
				CLANG_WARN_CONSTANT_CONVERSION = YES;
				CLANG_WARN_DEPRECATED_OBJC_IMPLEMENTATIONS = YES;
				CLANG_WARN_DIRECT_OBJC_ISA_USAGE = YES_ERROR;
				CLANG_WARN_DOCUMENTATION_COMMENTS = YES;
				CLANG_WARN_EMPTY_BODY = YES;
				CLANG_WARN_ENUM_CONVERSION = YES;
				CLANG_WARN_INFINITE_RECURSION = YES;
				CLANG_WARN_INT_CONVERSION = YES;
				CLANG_WARN_NON_LITERAL_NULL_CONVERSION = YES;
				CLANG_WARN_OBJC_IMPLICIT_RETAIN_SELF = YES;
				CLANG_WARN_OBJC_LITERAL_CONVERSION = YES;
				CLANG_WARN_OBJC_ROOT_CLASS = YES_ERROR;
				CLANG_WARN_QUOTED_INCLUDE_IN_FRAMEWORK_HEADER = YES;
				CLANG_WARN_RANGE_LOOP_ANALYSIS = YES;
				CLANG_WARN_STRICT_PROTOTYPES = YES;
				CLANG_WARN_SUSPICIOUS_MOVE = YES;
				CLANG_WARN_UNGUARDED_AVAILABILITY = YES_AGGRESSIVE;
				CLANG_WARN_UNREACHABLE_CODE = YES;
				CLANG_WARN__DUPLICATE_METHOD_MATCH = YES;
				COPY_PHASE_STRIP = NO;
				DEBUG_INFORMATION_FORMAT = dwarf;
				ENABLE_STRICT_OBJC_MSGSEND = YES;
				ENABLE_TESTABILITY = YES;
				GCC_C_LANGUAGE_STANDARD = gnu11;
				GCC_DYNAMIC_NO_PIC = NO;
				GCC_NO_COMMON_BLOCKS = YES;
				GCC_OPTIMIZATION_LEVEL = 0;
				GCC_PREPROCESSOR_DEFINITIONS = (
					"DEBUG=1",
					"$(inherited)",
				);
				GCC_WARN_64_TO_32_BIT_CONVERSION = YES;
				GCC_WARN_ABOUT_RETURN_TYPE = YES_ERROR;
				GCC_WARN_UNDECLARED_SELECTOR = YES;
				GCC_WARN_UNINITIALIZED_AUTOS = YES_AGGRESSIVE;
				GCC_WARN_UNUSED_FUNCTION = YES;
				GCC_WARN_UNUSED_VARIABLE = YES;
				IPHONEOS_DEPLOYMENT_TARGET = 15.0;
				MTL_ENABLE_DEBUG_INFO = INCLUDE_SOURCE;
				MTL_FAST_MATH = YES;
				ONLY_ACTIVE_ARCH = YES;
				SDKROOT = iphoneos;
				SWIFT_ACTIVE_COMPILATION_CONDITIONS = DEBUG;
				SWIFT_OPTIMIZATION_LEVEL = "-Onone";
			};
			name = Debug;
		};
		9474F1CA282F2AA800CDE4DD /* Release */ = {
			isa = XCBuildConfiguration;
			buildSettings = {
				ALWAYS_SEARCH_USER_PATHS = NO;
				APP_BASE_URL = "https://ntfy.sh";
				CLANG_ANALYZER_NONNULL = YES;
				CLANG_ANALYZER_NUMBER_OBJECT_CONVERSION = YES_AGGRESSIVE;
				CLANG_CXX_LANGUAGE_STANDARD = "gnu++17";
				CLANG_ENABLE_MODULES = YES;
				CLANG_ENABLE_OBJC_ARC = YES;
				CLANG_ENABLE_OBJC_WEAK = YES;
				CLANG_WARN_BLOCK_CAPTURE_AUTORELEASING = YES;
				CLANG_WARN_BOOL_CONVERSION = YES;
				CLANG_WARN_COMMA = YES;
				CLANG_WARN_CONSTANT_CONVERSION = YES;
				CLANG_WARN_DEPRECATED_OBJC_IMPLEMENTATIONS = YES;
				CLANG_WARN_DIRECT_OBJC_ISA_USAGE = YES_ERROR;
				CLANG_WARN_DOCUMENTATION_COMMENTS = YES;
				CLANG_WARN_EMPTY_BODY = YES;
				CLANG_WARN_ENUM_CONVERSION = YES;
				CLANG_WARN_INFINITE_RECURSION = YES;
				CLANG_WARN_INT_CONVERSION = YES;
				CLANG_WARN_NON_LITERAL_NULL_CONVERSION = YES;
				CLANG_WARN_OBJC_IMPLICIT_RETAIN_SELF = YES;
				CLANG_WARN_OBJC_LITERAL_CONVERSION = YES;
				CLANG_WARN_OBJC_ROOT_CLASS = YES_ERROR;
				CLANG_WARN_QUOTED_INCLUDE_IN_FRAMEWORK_HEADER = YES;
				CLANG_WARN_RANGE_LOOP_ANALYSIS = YES;
				CLANG_WARN_STRICT_PROTOTYPES = YES;
				CLANG_WARN_SUSPICIOUS_MOVE = YES;
				CLANG_WARN_UNGUARDED_AVAILABILITY = YES_AGGRESSIVE;
				CLANG_WARN_UNREACHABLE_CODE = YES;
				CLANG_WARN__DUPLICATE_METHOD_MATCH = YES;
				COPY_PHASE_STRIP = NO;
				DEBUG_INFORMATION_FORMAT = "dwarf-with-dsym";
				ENABLE_NS_ASSERTIONS = NO;
				ENABLE_STRICT_OBJC_MSGSEND = YES;
				GCC_C_LANGUAGE_STANDARD = gnu11;
				GCC_NO_COMMON_BLOCKS = YES;
				GCC_WARN_64_TO_32_BIT_CONVERSION = YES;
				GCC_WARN_ABOUT_RETURN_TYPE = YES_ERROR;
				GCC_WARN_UNDECLARED_SELECTOR = YES;
				GCC_WARN_UNINITIALIZED_AUTOS = YES_AGGRESSIVE;
				GCC_WARN_UNUSED_FUNCTION = YES;
				GCC_WARN_UNUSED_VARIABLE = YES;
				IPHONEOS_DEPLOYMENT_TARGET = 15.0;
				MTL_ENABLE_DEBUG_INFO = NO;
				MTL_FAST_MATH = YES;
				SDKROOT = iphoneos;
				SWIFT_COMPILATION_MODE = wholemodule;
				SWIFT_OPTIMIZATION_LEVEL = "-O";
				VALIDATE_PRODUCT = YES;
			};
			name = Release;
		};
		9474F1CC282F2AA800CDE4DD /* Debug */ = {
			isa = XCBuildConfiguration;
			buildSettings = {
				ALWAYS_EMBED_SWIFT_STANDARD_LIBRARIES = YES;
				ASSETCATALOG_COMPILER_APPICON_NAME = AppIcon;
				ASSETCATALOG_COMPILER_GLOBAL_ACCENT_COLOR_NAME = AccentColor;
				CODE_SIGN_ENTITLEMENTS = ntfy/ntfy.entitlements;
				CODE_SIGN_STYLE = Automatic;
				CURRENT_PROJECT_VERSION = 1;
				DEVELOPMENT_ASSET_PATHS = "\"ntfy/Preview Content\"";
				DEVELOPMENT_TEAM = YXQ4AMS4B4;
				ENABLE_PREVIEWS = YES;
				GENERATE_INFOPLIST_FILE = YES;
				INFOPLIST_FILE = ntfy/Info.plist;
				INFOPLIST_KEY_UIApplicationSupportsIndirectInputEvents = YES;
				INFOPLIST_KEY_UILaunchScreen_Generation = YES;
				INFOPLIST_KEY_UISupportedInterfaceOrientations = "UIInterfaceOrientationPortrait UIInterfaceOrientationPortraitUpsideDown UIInterfaceOrientationLandscapeLeft UIInterfaceOrientationLandscapeRight";
				INFOPLIST_KEY_UISupportedInterfaceOrientations_iPad = "UIInterfaceOrientationPortrait UIInterfaceOrientationPortraitUpsideDown UIInterfaceOrientationLandscapeLeft UIInterfaceOrientationLandscapeRight";
				INFOPLIST_KEY_UISupportedInterfaceOrientations_iPhone = "UIInterfaceOrientationPortrait UIInterfaceOrientationLandscapeLeft UIInterfaceOrientationLandscapeRight";
				LD_RUNPATH_SEARCH_PATHS = (
					"$(inherited)",
					"@executable_path/Frameworks",
				);
				MARKETING_VERSION = 1.0;
				PRODUCT_BUNDLE_IDENTIFIER = io.heckel.ntfy;
				PRODUCT_NAME = "$(TARGET_NAME)";
				SWIFT_EMIT_LOC_STRINGS = YES;
				SWIFT_VERSION = 5.0;
				TARGETED_DEVICE_FAMILY = "1,2";
			};
			name = Debug;
		};
		9474F1CD282F2AA800CDE4DD /* Release */ = {
			isa = XCBuildConfiguration;
			buildSettings = {
				ALWAYS_EMBED_SWIFT_STANDARD_LIBRARIES = YES;
				ASSETCATALOG_COMPILER_APPICON_NAME = AppIcon;
				ASSETCATALOG_COMPILER_GLOBAL_ACCENT_COLOR_NAME = AccentColor;
				CODE_SIGN_ENTITLEMENTS = ntfy/ntfy.entitlements;
				CODE_SIGN_STYLE = Automatic;
				CURRENT_PROJECT_VERSION = 1;
				DEVELOPMENT_ASSET_PATHS = "\"ntfy/Preview Content\"";
				DEVELOPMENT_TEAM = YXQ4AMS4B4;
				ENABLE_PREVIEWS = YES;
				GENERATE_INFOPLIST_FILE = YES;
				INFOPLIST_FILE = ntfy/Info.plist;
				INFOPLIST_KEY_UIApplicationSupportsIndirectInputEvents = YES;
				INFOPLIST_KEY_UILaunchScreen_Generation = YES;
				INFOPLIST_KEY_UISupportedInterfaceOrientations = "UIInterfaceOrientationPortrait UIInterfaceOrientationPortraitUpsideDown UIInterfaceOrientationLandscapeLeft UIInterfaceOrientationLandscapeRight";
				INFOPLIST_KEY_UISupportedInterfaceOrientations_iPad = "UIInterfaceOrientationPortrait UIInterfaceOrientationPortraitUpsideDown UIInterfaceOrientationLandscapeLeft UIInterfaceOrientationLandscapeRight";
				INFOPLIST_KEY_UISupportedInterfaceOrientations_iPhone = "UIInterfaceOrientationPortrait UIInterfaceOrientationLandscapeLeft UIInterfaceOrientationLandscapeRight";
				LD_RUNPATH_SEARCH_PATHS = (
					"$(inherited)",
					"@executable_path/Frameworks",
				);
				MARKETING_VERSION = 1.0;
				PRODUCT_BUNDLE_IDENTIFIER = io.heckel.ntfy;
				PRODUCT_NAME = "$(TARGET_NAME)";
				SWIFT_EMIT_LOC_STRINGS = YES;
				SWIFT_VERSION = 5.0;
				TARGETED_DEVICE_FAMILY = "1,2";
			};
			name = Release;
		};
		9474F1ED282F3FFD00CDE4DD /* Debug */ = {
			isa = XCBuildConfiguration;
			buildSettings = {
				CODE_SIGN_ENTITLEMENTS = ntfyNSE/ntfyNSE.entitlements;
				CODE_SIGN_STYLE = Automatic;
				CURRENT_PROJECT_VERSION = 1;
				DEVELOPMENT_TEAM = YXQ4AMS4B4;
				GENERATE_INFOPLIST_FILE = YES;
				INFOPLIST_FILE = ntfyNSE/Info.plist;
				INFOPLIST_KEY_CFBundleDisplayName = ntfyNSE;
				INFOPLIST_KEY_NSHumanReadableCopyright = "";
				IPHONEOS_DEPLOYMENT_TARGET = 15.4;
				LD_RUNPATH_SEARCH_PATHS = (
					"$(inherited)",
					"@executable_path/Frameworks",
					"@executable_path/../../Frameworks",
				);
				MARKETING_VERSION = 1.0;
				PRODUCT_BUNDLE_IDENTIFIER = io.heckel.ntfy.ntfyNSE;
				PRODUCT_NAME = "$(TARGET_NAME)";
				SKIP_INSTALL = YES;
				SWIFT_EMIT_LOC_STRINGS = YES;
				SWIFT_VERSION = 5.0;
				TARGETED_DEVICE_FAMILY = "1,2";
			};
			name = Debug;
		};
		9474F1EE282F3FFD00CDE4DD /* Release */ = {
			isa = XCBuildConfiguration;
			buildSettings = {
				CODE_SIGN_ENTITLEMENTS = ntfyNSE/ntfyNSE.entitlements;
				CODE_SIGN_STYLE = Automatic;
				CURRENT_PROJECT_VERSION = 1;
				DEVELOPMENT_TEAM = YXQ4AMS4B4;
				GENERATE_INFOPLIST_FILE = YES;
				INFOPLIST_FILE = ntfyNSE/Info.plist;
				INFOPLIST_KEY_CFBundleDisplayName = ntfyNSE;
				INFOPLIST_KEY_NSHumanReadableCopyright = "";
				IPHONEOS_DEPLOYMENT_TARGET = 15.4;
				LD_RUNPATH_SEARCH_PATHS = (
					"$(inherited)",
					"@executable_path/Frameworks",
					"@executable_path/../../Frameworks",
				);
				MARKETING_VERSION = 1.0;
				PRODUCT_BUNDLE_IDENTIFIER = io.heckel.ntfy.ntfyNSE;
				PRODUCT_NAME = "$(TARGET_NAME)";
				SKIP_INSTALL = YES;
				SWIFT_EMIT_LOC_STRINGS = YES;
				SWIFT_VERSION = 5.0;
				TARGETED_DEVICE_FAMILY = "1,2";
			};
			name = Release;
		};
/* End XCBuildConfiguration section */

/* Begin XCConfigurationList section */
		9474F1B8282F2AA700CDE4DD /* Build configuration list for PBXProject "ntfy" */ = {
			isa = XCConfigurationList;
			buildConfigurations = (
				9474F1C9282F2AA800CDE4DD /* Debug */,
				9474F1CA282F2AA800CDE4DD /* Release */,
			);
			defaultConfigurationIsVisible = 0;
			defaultConfigurationName = Release;
		};
		9474F1CB282F2AA800CDE4DD /* Build configuration list for PBXNativeTarget "ntfy" */ = {
			isa = XCConfigurationList;
			buildConfigurations = (
				9474F1CC282F2AA800CDE4DD /* Debug */,
				9474F1CD282F2AA800CDE4DD /* Release */,
			);
			defaultConfigurationIsVisible = 0;
			defaultConfigurationName = Release;
		};
		9474F1EC282F3FFD00CDE4DD /* Build configuration list for PBXNativeTarget "ntfyNSE" */ = {
			isa = XCConfigurationList;
			buildConfigurations = (
				9474F1ED282F3FFD00CDE4DD /* Debug */,
				9474F1EE282F3FFD00CDE4DD /* Release */,
			);
			defaultConfigurationIsVisible = 0;
			defaultConfigurationName = Release;
		};
/* End XCConfigurationList section */

/* Begin XCRemoteSwiftPackageReference section */
		9474F1CE282F2BB600CDE4DD /* XCRemoteSwiftPackageReference "firebase-ios-sdk" */ = {
			isa = XCRemoteSwiftPackageReference;
			repositoryURL = "https://github.com/firebase/firebase-ios-sdk";
			requirement = {
				kind = upToNextMajorVersion;
				minimumVersion = 9.0.0;
			};
		};
/* End XCRemoteSwiftPackageReference section */

/* Begin XCSwiftPackageProductDependency section */
		9474F1CF282F2BB600CDE4DD /* FirebaseMessaging */ = {
			isa = XCSwiftPackageProductDependency;
			package = 9474F1CE282F2BB600CDE4DD /* XCRemoteSwiftPackageReference "firebase-ios-sdk" */;
			productName = FirebaseMessaging;
		};
/* End XCSwiftPackageProductDependency section */

/* Begin XCVersionGroup section */
		9474F1F52830830700CDE4DD /* ntfy.xcdatamodeld */ = {
			isa = XCVersionGroup;
			children = (
				9474F1F62830830700CDE4DD /* Model.xcdatamodel */,
			);
			currentVersion = 9474F1F62830830700CDE4DD /* Model.xcdatamodel */;
			path = ntfy.xcdatamodeld;
			sourceTree = "<group>";
			versionGroupType = wrapper.xcdatamodel;
		};
/* End XCVersionGroup section */
	};
	rootObject = 9474F1B5282F2AA700CDE4DD /* Project object */;
}
